
Microsoft Visual Studio Solution File, Format Version 12.00
# Visual Studio Version 16
VisualStudioVersion = 16.0.31702.278
MinimumVisualStudioVersion = 10.0.40219.1
Project("{FAE04EC0-301F-11D3-BF4B-00C04F79EFBC}") = "V2Web CMS", "V2Web CMS.csproj", "{47934D04-B85D-490B-A5E8-556582CE4A0F}"
EndProject
Global
	GlobalSection(SolutionConfigurationPlatforms) = preSolution
		Debug|Any CPU = Debug|Any CPU
		Release|Any CPU = Release|Any CPU
	EndGlobalSection
	GlobalSection(ProjectConfigurationPlatforms) = postSolution
		{47934D04-B85D-490B-A5E8-556582CE4A0F}.Debug|Any CPU.ActiveCfg = Debug|Any CPU
		{47934D04-B85D-490B-A5E8-556582CE4A0F}.Debug|Any CPU.Build.0 = Debug|Any CPU
		{47934D04-B85D-490B-A5E8-556582CE4A0F}.Release|Any CPU.ActiveCfg = Release|Any CPU
		{47934D04-B85D-490B-A5E8-556582CE4A0F}.Release|Any CPU.Build.0 = Release|Any CPU
	EndGlobalSection
	GlobalSection(SolutionProperties) = preSolution
		HideSolutionNode = FALSE
	EndGlobalSection
	GlobalSection(ExtensibilityGlobals) = postSolution
		SolutionGuid = {2D7894B5-94D0-41DD-BD4F-591127C5CCB6}
	EndGlobalSection
EndGlobal
